<?xml version="1.0" encoding="utf-8"?>
<Project ToolsVersion="4.0" xmlns="http://schemas.microsoft.com/developer/msbuild/2003">
  <ItemGroup>
    <Filter Include="Source Files">
      <UniqueIdentifier>{4FC737F1-C7A5-4376-A066-2A32D752A2FF}</UniqueIdentifier>
      <Extensions>qml;cpp;c;cc;cxx;def;odl;idl;hpj;bat;asm;asmx</Extensions>
    </Filter>
    <Filter Include="Header Files">
      <UniqueIdentifier>{93995380-89BD-4b04-88EB-625FBE52EBFB}</UniqueIdentifier>
      <Extensions>h;hh;hpp;hxx;hm;inl;inc;xsd</Extensions>
    </Filter>
    <Filter Include="Resource Files">
      <UniqueIdentifier>{67DA6AB6-F800-4c08-8B7A-83BB121AAD01}</UniqueIdentifier>
      <Extensions>qrc;rc;ico;cur;bmp;dlg;rc2;rct;bin;rgs;gif;jpg;jpeg;jpe;resx;tiff;tif;png;wav;mfcribbon-ms</Extensions>
    </Filter>
    <Filter Include="Form Files">
      <UniqueIdentifier>{99349809-55BA-4b9d-BF79-8FDBB0286EB3}</UniqueIdentifier>
      <Extensions>ui</Extensions>
    </Filter>
    <Filter Include="Translation Files">
      <UniqueIdentifier>{639EADAA-A684-42e4-A9AD-28FC9BCB8F7C}</UniqueIdentifier>
      <Extensions>ts</Extensions>
    </Filter>
    <Filter Include="Language">
      <UniqueIdentifier>{a6a4e4f0-5779-4328-8a43-e22af60e1fbd}</UniqueIdentifier>
    </Filter>
    <Filter Include="utilities">
      <UniqueIdentifier>{9244fe30-4067-4633-9ff0-226fca4cd54f}</UniqueIdentifier>
    </Filter>
    <Filter Include="common">
      <UniqueIdentifier>{137db749-2ae4-4838-b067-19ba4c875574}</UniqueIdentifier>
    </Filter>
    <Filter Include="Management">
      <UniqueIdentifier>{404681df-83bb-43b5-b181-6435cf4a33da}</UniqueIdentifier>
    </Filter>
    <Filter Include="panel">
      <UniqueIdentifier>{826e8bbc-cd1e-4ab8-ba67-3f97279c727d}</UniqueIdentifier>
    </Filter>
    <Filter Include="panel\analysePanel">
      <UniqueIdentifier>{e02824bb-57f9-448f-ab5f-ec3252356375}</UniqueIdentifier>
    </Filter>
    <Filter Include="panel\mainPanel">
      <UniqueIdentifier>{d4c661b1-3182-4f20-a1bc-4cc25c57a121}</UniqueIdentifier>
    </Filter>
    <Filter Include="panel\systemSettingPanel">
      <UniqueIdentifier>{53a07cde-e2d5-4b44-bfe6-52dc5b61cb5a}</UniqueIdentifier>
    </Filter>
    <Filter Include="panel\table">
      <UniqueIdentifier>{8bf25bd9-2e88-45b6-af23-3e957699f6c3}</UniqueIdentifier>
    </Filter>
    <Filter Include="panel\taskDialog">
      <UniqueIdentifier>{8de89b84-ba40-4a7b-8586-cb60eae417ef}</UniqueIdentifier>
    </Filter>
  </ItemGroup>
  <ItemGroup>
    <QtRcc Include="LifeTrack.qrc">
      <Filter>Resource Files</Filter>
    </QtRcc>
    <QtUic Include="LifeTrack.ui">
      <Filter>Form Files</Filter>
    </QtUic>
    <QtMoc Include="LifeTrack.h">
      <Filter>Header Files</Filter>
    </QtMoc>
    <ClCompile Include="LifeTrack.cpp">
      <Filter>Source Files</Filter>
    </ClCompile>
  </ItemGroup>
  <ItemGroup>
    <ClCompile Include="main.cpp">
      <Filter>Source Files</Filter>
    </ClCompile>
    <ClCompile Include="utilities\dbmana.cpp">
      <Filter>utilities</Filter>
    </ClCompile>
    <ClCompile Include="language\language.cpp">
      <Filter>Language</Filter>
    </ClCompile>
    <ClCompile Include="common\global.cpp">
      <Filter>common</Filter>
    </ClCompile>
    <ClCompile Include="common\commonFunc.cpp">
      <Filter>common</Filter>
    </ClCompile>
    <ClCompile Include="management\dataCenter.cpp">
      <Filter>Management</Filter>
    </ClCompile>
    <ClCompile Include="panel\customWidget.cpp">
      <Filter>panel</Filter>
    </ClCompile>
    <ClCompile Include="panel\analysePanel\analysisPanel.cpp">
      <Filter>panel\analysePanel</Filter>
    </ClCompile>
    <ClCompile Include="panel\mainPanel\mainPanel.cpp">
      <Filter>panel\mainPanel</Filter>
    </ClCompile>
    <ClCompile Include="panel\systemSettingPanel\systemPanel.cpp">
      <Filter>panel\systemSettingPanel</Filter>
    </ClCompile>
    <ClCompile Include="panel\table\baseTable.cpp">
      <Filter>panel\table</Filter>
    </ClCompile>
    <ClCompile Include="panel\taskDialog\addTaskDialog.cpp">
      <Filter>panel\taskDialog</Filter>
    </ClCompile>
    <ClCompile Include="panel\mainPanel\activeTaskPage.cpp">
      <Filter>panel\mainPanel</Filter>
    </ClCompile>
    <ClCompile Include="panel\mainPanel\unActiveTaskPage.cpp">
      <Filter>panel\mainPanel</Filter>
    </ClCompile>
    <ClCompile Include="common\customMessage.cpp">
      <Filter>common</Filter>
    </ClCompile>
    <ClCompile Include="panel\MessageBox.cpp">
      <Filter>panel</Filter>
    </ClCompile>
    <ClCompile Include="panel\taskDialog\inputReason.cpp">
      <Filter>panel\taskDialog</Filter>
    </ClCompile>
  </ItemGroup>
  <ItemGroup>
    <ClInclude Include="utilities\blockingconcurrentqueue.h">
      <Filter>utilities</Filter>
    </ClInclude>
    <ClInclude Include="utilities\concurrentqueue.h">
      <Filter>utilities</Filter>
    </ClInclude>
    <ClInclude Include="utilities\Singleton.h">
      <Filter>utilities</Filter>
    </ClInclude>
    <ClInclude Include="language\language.h">
      <Filter>Language</Filter>
    </ClInclude>
    <ClInclude Include="common\common.h">
      <Filter>common</Filter>
    </ClInclude>
    <ClInclude Include="common\global.h">
      <Filter>common</Filter>
    </ClInclude>
    <ClInclude Include="common\commonFunc.h">
      <Filter>common</Filter>
    </ClInclude>
    <ClInclude Include="management\dataCenter.h">
      <Filter>Management</Filter>
    </ClInclude>
    <ClInclude Include="management\structCommon.h">
      <Filter>Management</Filter>
    </ClInclude>
    <ClInclude Include="panel\customWidget.h">
      <Filter>panel</Filter>
    </ClInclude>
    <ClInclude Include="common\customMessage.h">
      <Filter>common</Filter>
    </ClInclude>
  </ItemGroup>
  <ItemGroup>
    <QtMoc Include="utilities\dbmana.h">
      <Filter>utilities</Filter>
    </QtMoc>
    <QtMoc Include="panel\mainPanel\activeTaskPage.h">
      <Filter>panel\mainPanel</Filter>
    </QtMoc>
    <QtMoc Include="panel\mainPanel\unActiveTaskPage.h">
      <Filter>panel\mainPanel</Filter>
    </QtMoc>
    <QtMoc Include="panel\systemSettingPanel\systemPanel.h">
      <Filter>panel\systemSettingPanel</Filter>
    </QtMoc>
    <QtMoc Include="panel\mainPanel\mainPanel.h">
      <Filter>panel\mainPanel</Filter>
    </QtMoc>
    <QtMoc Include="panel\taskDialog\addTaskDialog.h">
      <Filter>panel\taskDialog</Filter>
    </QtMoc>
    <QtMoc Include="panel\analysePanel\analysisPanel.h">
      <Filter>panel\analysePanel</Filter>
    </QtMoc>
    <QtMoc Include="panel\table\baseTable.h">
      <Filter>panel\table</Filter>
    </QtMoc>
    <QtMoc Include="panel\MessageBox.h">
      <Filter>panel</Filter>
    </QtMoc>
    <QtMoc Include="panel\taskDialog\inputReason.h">
      <Filter>panel\taskDialog</Filter>
    </QtMoc>
  </ItemGroup>
</Project>